// !$*UTF8*$!
{
	archiveVersion = 1;
	classes = {
	};
	objectVersion = 55;
	objects = {

/* Begin PBXBuildFile section */
		41AF7E252837ECFA0066E74C /* Tests_iOS.swift in Sources */ = {isa = PBXBuildFile; fileRef = 41AF7E242837ECFA0066E74C /* Tests_iOS.swift */; };
		41AF7E272837ECFA0066E74C /* Tests_iOSLaunchTests.swift in Sources */ = {isa = PBXBuildFile; fileRef = 41AF7E262837ECFA0066E74C /* Tests_iOSLaunchTests.swift */; };
		41AF7E312837ECFA0066E74C /* Tests_macOS.swift in Sources */ = {isa = PBXBuildFile; fileRef = 41AF7E302837ECFA0066E74C /* Tests_macOS.swift */; };
		41AF7E332837ECFA0066E74C /* Tests_macOSLaunchTests.swift in Sources */ = {isa = PBXBuildFile; fileRef = 41AF7E322837ECFA0066E74C /* Tests_macOSLaunchTests.swift */; };
		41AF7E342837ECFA0066E74C /* RockPaperScissorsApp.swift in Sources */ = {isa = PBXBuildFile; fileRef = 41AF7E0C2837ECF50066E74C /* RockPaperScissorsApp.swift */; };
		41AF7E352837ECFA0066E74C /* RockPaperScissorsApp.swift in Sources */ = {isa = PBXBuildFile; fileRef = 41AF7E0C2837ECF50066E74C /* RockPaperScissorsApp.swift */; };
		41AF7E362837ECFA0066E74C /* ContentView.swift in Sources */ = {isa = PBXBuildFile; fileRef = 41AF7E0D2837ECF50066E74C /* ContentView.swift */; };
		41AF7E372837ECFA0066E74C /* ContentView.swift in Sources */ = {isa = PBXBuildFile; fileRef = 41AF7E0D2837ECF50066E74C /* ContentView.swift */; };
		41AF7E382837ECFA0066E74C /* Assets.xcassets in Resources */ = {isa = PBXBuildFile; fileRef = 41AF7E0E2837ECF90066E74C /* Assets.xcassets */; };
		41AF7E392837ECFA0066E74C /* Assets.xcassets in Resources */ = {isa = PBXBuildFile; fileRef = 41AF7E0E2837ECF90066E74C /* Assets.xcassets */; };
/* End PBXBuildFile section */

/* Begin PBXContainerItemProxy section */
		41AF7E212837ECFA0066E74C /* PBXContainerItemProxy */ = {
			isa = PBXContainerItemProxy;
			containerPortal = 41AF7E072837ECF50066E74C /* Project object */;
			proxyType = 1;
			remoteGlobalIDString = 41AF7E122837ECF90066E74C;
			remoteInfo = "RockPaperScissors (iOS)";
		};
		41AF7E2D2837ECFA0066E74C /* PBXContainerItemProxy */ = {
			isa = PBXContainerItemProxy;
			containerPortal = 41AF7E072837ECF50066E74C /* Project object */;
			proxyType = 1;
			remoteGlobalIDString = 41AF7E182837ECF90066E74C;
			remoteInfo = "RockPaperScissors (macOS)";
		};
/* End PBXContainerItemProxy section */

/* Begin PBXFileReference section */
		41AF7E0C2837ECF50066E74C /* RockPaperScissorsApp.swift */ = {isa = PBXFileReference; lastKnownFileType = sourcecode.swift; path = RockPaperScissorsApp.swift; sourceTree = "<group>"; };
		41AF7E0D2837ECF50066E74C /* ContentView.swift */ = {isa = PBXFileReference; lastKnownFileType = sourcecode.swift; path = ContentView.swift; sourceTree = "<group>"; };
		41AF7E0E2837ECF90066E74C /* Assets.xcassets */ = {isa = PBXFileReference; lastKnownFileType = folder.assetcatalog; path = Assets.xcassets; sourceTree = "<group>"; };
		41AF7E132837ECF90066E74C /* RockPaperScissors.app */ = {isa = PBXFileReference; explicitFileType = wrapper.application; includeInIndex = 0; path = RockPaperScissors.app; sourceTree = BUILT_PRODUCTS_DIR; };
		41AF7E192837ECF90066E74C /* RockPaperScissors.app */ = {isa = PBXFileReference; explicitFileType = wrapper.application; includeInIndex = 0; path = RockPaperScissors.app; sourceTree = BUILT_PRODUCTS_DIR; };
		41AF7E1B2837ECF90066E74C /* macOS.entitlements */ = {isa = PBXFileReference; lastKnownFileType = text.plist.entitlements; path = macOS.entitlements; sourceTree = "<group>"; };
		41AF7E202837ECFA0066E74C /* Tests iOS.xctest */ = {isa = PBXFileReference; explicitFileType = wrapper.cfbundle; includeInIndex = 0; path = "Tests iOS.xctest"; sourceTree = BUILT_PRODUCTS_DIR; };
		41AF7E242837ECFA0066E74C /* Tests_iOS.swift */ = {isa = PBXFileReference; lastKnownFileType = sourcecode.swift; path = Tests_iOS.swift; sourceTree = "<group>"; };
		41AF7E262837ECFA0066E74C /* Tests_iOSLaunchTests.swift */ = {isa = PBXFileReference; lastKnownFileType = sourcecode.swift; path = Tests_iOSLaunchTests.swift; sourceTree = "<group>"; };
		41AF7E2C2837ECFA0066E74C /* Tests macOS.xctest */ = {isa = PBXFileReference; explicitFileType = wrapper.cfbundle; includeInIndex = 0; path = "Tests macOS.xctest"; sourceTree = BUILT_PRODUCTS_DIR; };
		41AF7E302837ECFA0066E74C /* Tests_macOS.swift */ = {isa = PBXFileReference; lastKnownFileType = sourcecode.swift; path = Tests_macOS.swift; sourceTree = "<group>"; };
		41AF7E322837ECFA0066E74C /* Tests_macOSLaunchTests.swift */ = {isa = PBXFileReference; lastKnownFileType = sourcecode.swift; path = Tests_macOSLaunchTests.swift; sourceTree = "<group>"; };
/* End PBXFileReference section */

/* Begin PBXFrameworksBuildPhase section */
		41AF7E102837ECF90066E74C /* Frameworks */ = {
			isa = PBXFrameworksBuildPhase;
			buildActionMask = 2147483647;
			files = (
			);
			runOnlyForDeploymentPostprocessing = 0;
		};
		41AF7E162837ECF90066E74C /* Frameworks */ = {
			isa = PBXFrameworksBuildPhase;
			buildActionMask = 2147483647;
			files = (
			);
			runOnlyForDeploymentPostprocessing = 0;
		};
		41AF7E1D2837ECFA0066E74C /* Frameworks */ = {
			isa = PBXFrameworksBuildPhase;
			buildActionMask = 2147483647;
			files = (
			);
			runOnlyForDeploymentPostprocessing = 0;
		};
		41AF7E292837ECFA0066E74C /* Frameworks */ = {
			isa = PBXFrameworksBuildPhase;
			buildActionMask = 2147483647;
			files = (
			);
			runOnlyForDeploymentPostprocessing = 0;
		};
/* End PBXFrameworksBuildPhase section */

/* Begin PBXGroup section */
		41AF7E062837ECF50066E74C = {
			isa = PBXGroup;
			children = (
				41AF7E0B2837ECF50066E74C /* Shared */,
				41AF7E1A2837ECF90066E74C /* macOS */,
				41AF7E232837ECFA0066E74C /* Tests iOS */,
				41AF7E2F2837ECFA0066E74C /* Tests macOS */,
				41AF7E142837ECF90066E74C /* Products */,
			);
			sourceTree = "<group>";
		};
		41AF7E0B2837ECF50066E74C /* Shared */ = {
			isa = PBXGroup;
			children = (
				41AF7E0C2837ECF50066E74C /* RockPaperScissorsApp.swift */,
				41AF7E0D2837ECF50066E74C /* ContentView.swift */,
				41AF7E0E2837ECF90066E74C /* Assets.xcassets */,
			);
			path = Shared;
			sourceTree = "<group>";
		};
		41AF7E142837ECF90066E74C /* Products */ = {
			isa = PBXGroup;
			children = (
				41AF7E132837ECF90066E74C /* RockPaperScissors.app */,
				41AF7E192837ECF90066E74C /* RockPaperScissors.app */,
				41AF7E202837ECFA0066E74C /* Tests iOS.xctest */,
				41AF7E2C2837ECFA0066E74C /* Tests macOS.xctest */,
			);
			name = Products;
			sourceTree = "<group>";
		};
		41AF7E1A2837ECF90066E74C /* macOS */ = {
			isa = PBXGroup;
			children = (
				41AF7E1B2837ECF90066E74C /* macOS.entitlements */,
			);
			path = macOS;
			sourceTree = "<group>";
		};
		41AF7E232837ECFA0066E74C /* Tests iOS */ = {
			isa = PBXGroup;
			children = (
				41AF7E242837ECFA0066E74C /* Tests_iOS.swift */,
				41AF7E262837ECFA0066E74C /* Tests_iOSLaunchTests.swift */,
			);
			path = "Tests iOS";
			sourceTree = "<group>";
		};
		41AF7E2F2837ECFA0066E74C /* Tests macOS */ = {
			isa = PBXGroup;
			children = (
				41AF7E302837ECFA0066E74C /* Tests_macOS.swift */,
				41AF7E322837ECFA0066E74C /* Tests_macOSLaunchTests.swift */,
			);
			path = "Tests macOS";
			sourceTree = "<group>";
		};
/* End PBXGroup section */

/* Begin PBXNativeTarget section */
		41AF7E122837ECF90066E74C /* RockPaperScissors (iOS) */ = {
			isa = PBXNativeTarget;
			buildConfigurationList = 41AF7E3C2837ECFA0066E74C /* Build configuration list for PBXNativeTarget "RockPaperScissors (iOS)" */;
			buildPhases = (
				41AF7E0F2837ECF90066E74C /* Sources */,
				41AF7E102837ECF90066E74C /* Frameworks */,
				41AF7E112837ECF90066E74C /* Resources */,
			);
			buildRules = (
			);
			dependencies = (
			);
			name = "RockPaperScissors (iOS)";
			productName = "RockPaperScissors (iOS)";
			productReference = 41AF7E132837ECF90066E74C /* RockPaperScissors.app */;
			productType = "com.apple.product-type.application";
		};
		41AF7E182837ECF90066E74C /* RockPaperScissors (macOS) */ = {
			isa = PBXNativeTarget;
			buildConfigurationList = 41AF7E3F2837ECFA0066E74C /* Build configuration list for PBXNativeTarget "RockPaperScissors (macOS)" */;
			buildPhases = (
				41AF7E152837ECF90066E74C /* Sources */,
				41AF7E162837ECF90066E74C /* Frameworks */,
				41AF7E172837ECF90066E74C /* Resources */,
			);
			buildRules = (
			);
			dependencies = (
			);
			name = "RockPaperScissors (macOS)";
			productName = "RockPaperScissors (macOS)";
			productReference = 41AF7E192837ECF90066E74C /* RockPaperScissors.app */;
			productType = "com.apple.product-type.application";
		};
		41AF7E1F2837ECFA0066E74C /* Tests iOS */ = {
			isa = PBXNativeTarget;
			buildConfigurationList = 41AF7E422837ECFA0066E74C /* Build configuration list for PBXNativeTarget "Tests iOS" */;
			buildPhases = (
				41AF7E1C2837ECFA0066E74C /* Sources */,
				41AF7E1D2837ECFA0066E74C /* Frameworks */,
				41AF7E1E2837ECFA0066E74C /* Resources */,
			);
			buildRules = (
			);
			dependencies = (
				41AF7E222837ECFA0066E74C /* PBXTargetDependency */,
			);
			name = "Tests iOS";
			productName = "Tests iOS";
			productReference = 41AF7E202837ECFA0066E74C /* Tests iOS.xctest */;
			productType = "com.apple.product-type.bundle.ui-testing";
		};
		41AF7E2B2837ECFA0066E74C /* Tests macOS */ = {
			isa = PBXNativeTarget;
			buildConfigurationList = 41AF7E452837ECFA0066E74C /* Build configuration list for PBXNativeTarget "Tests macOS" */;
			buildPhases = (
				41AF7E282837ECFA0066E74C /* Sources */,
				41AF7E292837ECFA0066E74C /* Frameworks */,
				41AF7E2A2837ECFA0066E74C /* Resources */,
			);
			buildRules = (
			);
			dependencies = (
				41AF7E2E2837ECFA0066E74C /* PBXTargetDependency */,
			);
			name = "Tests macOS";
			productName = "Tests macOS";
			productReference = 41AF7E2C2837ECFA0066E74C /* Tests macOS.xctest */;
			productType = "com.apple.product-type.bundle.ui-testing";
		};
/* End PBXNativeTarget section */

/* Begin PBXProject section */
		41AF7E072837ECF50066E74C /* Project object */ = {
			isa = PBXProject;
			attributes = {
				BuildIndependentTargetsInParallel = 1;
				LastSwiftUpdateCheck = 1330;
				LastUpgradeCheck = 1330;
				TargetAttributes = {
					41AF7E122837ECF90066E74C = {
						CreatedOnToolsVersion = 13.3.1;
					};
					41AF7E182837ECF90066E74C = {
						CreatedOnToolsVersion = 13.3.1;
					};
					41AF7E1F2837ECFA0066E74C = {
						CreatedOnToolsVersion = 13.3.1;
						TestTargetID = 41AF7E122837ECF90066E74C;
					};
					41AF7E2B2837ECFA0066E74C = {
						CreatedOnToolsVersion = 13.3.1;
						TestTargetID = 41AF7E182837ECF90066E74C;
					};
				};
			};
			buildConfigurationList = 41AF7E0A2837ECF50066E74C /* Build configuration list for PBXProject "RockPaperScissors" */;
			compatibilityVersion = "Xcode 13.0";
			developmentRegion = en;
			hasScannedForEncodings = 0;
			knownRegions = (
				en,
				Base,
			);
			mainGroup = 41AF7E062837ECF50066E74C;
			productRefGroup = 41AF7E142837ECF90066E74C /* Products */;
			projectDirPath = "";
			projectRoot = "";
			targets = (
				41AF7E122837ECF90066E74C /* RockPaperScissors (iOS) */,
				41AF7E182837ECF90066E74C /* RockPaperScissors (macOS) */,
				41AF7E1F2837ECFA0066E74C /* Tests iOS */,
				41AF7E2B2837ECFA0066E74C /* Tests macOS */,
			);
		};
/* End PBXProject section */

/* Begin PBXResourcesBuildPhase section */
		41AF7E112837ECF90066E74C /* Resources */ = {
			isa = PBXResourcesBuildPhase;
			buildActionMask = 2147483647;
			files = (
				41AF7E382837ECFA0066E74C /* Assets.xcassets in Resources */,
			);
			runOnlyForDeploymentPostprocessing = 0;
		};
		41AF7E172837ECF90066E74C /* Resources */ = {
			isa = PBXResourcesBuildPhase;
			buildActionMask = 2147483647;
			files = (
				41AF7E392837ECFA0066E74C /* Assets.xcassets in Resources */,
			);
			runOnlyForDeploymentPostprocessing = 0;
		};
		41AF7E1E2837ECFA0066E74C /* Resources */ = {
			isa = PBXResourcesBuildPhase;
			buildActionMask = 2147483647;
			files = (
			);
			runOnlyForDeploymentPostprocessing = 0;
		};
		41AF7E2A2837ECFA0066E74C /* Resources */ = {
			isa = PBXResourcesBuildPhase;
			buildActionMask = 2147483647;
			files = (
			);
			runOnlyForDeploymentPostprocessing = 0;
		};
/* End PBXResourcesBuildPhase section */

/* Begin PBXSourcesBuildPhase section */
		41AF7E0F2837ECF90066E74C /* Sources */ = {
			isa = PBXSourcesBuildPhase;
			buildActionMask = 2147483647;
			files = (
				41AF7E362837ECFA0066E74C /* ContentView.swift in Sources */,
				41AF7E342837ECFA0066E74C /* RockPaperScissorsApp.swift in Sources */,
			);
			runOnlyForDeploymentPostprocessing = 0;
		};
		41AF7E152837ECF90066E74C /* Sources */ = {
			isa = PBXSourcesBuildPhase;
			buildActionMask = 2147483647;
			files = (
				41AF7E372837ECFA0066E74C /* ContentView.swift in Sources */,
				41AF7E352837ECFA0066E74C /* RockPaperScissorsApp.swift in Sources */,
			);
			runOnlyForDeploymentPostprocessing = 0;
		};
		41AF7E1C2837ECFA0066E74C /* Sources */ = {
			isa = PBXSourcesBuildPhase;
			buildActionMask = 2147483647;
			files = (
				41AF7E272837ECFA0066E74C /* Tests_iOSLaunchTests.swift in Sources */,
				41AF7E252837ECFA0066E74C /* Tests_iOS.swift in Sources */,
			);
			runOnlyForDeploymentPostprocessing = 0;
		};
		41AF7E282837ECFA0066E74C /* Sources */ = {
			isa = PBXSourcesBuildPhase;
			buildActionMask = 2147483647;
			files = (
				41AF7E332837ECFA0066E74C /* Tests_macOSLaunchTests.swift in Sources */,
				41AF7E312837ECFA0066E74C /* Tests_macOS.swift in Sources */,
			);
			runOnlyForDeploymentPostprocessing = 0;
		};
/* End PBXSourcesBuildPhase section */

/* Begin PBXTargetDependency section */
		41AF7E222837ECFA0066E74C /* PBXTargetDependency */ = {
			isa = PBXTargetDependency;
			target = 41AF7E122837ECF90066E74C /* RockPaperScissors (iOS) */;
			targetProxy = 41AF7E212837ECFA0066E74C /* PBXContainerItemProxy */;
		};
		41AF7E2E2837ECFA0066E74C /* PBXTargetDependency */ = {
			isa = PBXTargetDependency;
			target = 41AF7E182837ECF90066E74C /* RockPaperScissors (macOS) */;
			targetProxy = 41AF7E2D2837ECFA0066E74C /* PBXContainerItemProxy */;
		};
/* End PBXTargetDependency section */

/* Begin XCBuildConfiguration section */
		41AF7E3A2837ECFA0066E74C /* Debug */ = {
			isa = XCBuildConfiguration;
			buildSettings = {
				ALWAYS_SEARCH_USER_PATHS = NO;
				CLANG_ANALYZER_NONNULL = YES;
				CLANG_ANALYZER_NUMBER_OBJECT_CONVERSION = YES_AGGRESSIVE;
				CLANG_CXX_LANGUAGE_STANDARD = "gnu++17";
				CLANG_ENABLE_MODULES = YES;
				CLANG_ENABLE_OBJC_ARC = YES;
				CLANG_ENABLE_OBJC_WEAK = YES;
				CLANG_WARN_BLOCK_CAPTURE_AUTORELEASING = YES;
				CLANG_WARN_BOOL_CONVERSION = YES;
				CLANG_WARN_COMMA = YES;
				CLANG_WARN_CONSTANT_CONVERSION = YES;
				CLANG_WARN_DEPRECATED_OBJC_IMPLEMENTATIONS = YES;
				CLANG_WARN_DIRECT_OBJC_ISA_USAGE = YES_ERROR;
				CLANG_WARN_DOCUMENTATION_COMMENTS = YES;
				CLANG_WARN_EMPTY_BODY = YES;
				CLANG_WARN_ENUM_CONVERSION = YES;
				CLANG_WARN_INFINITE_RECURSION = YES;
				CLANG_WARN_INT_CONVERSION = YES;
				CLANG_WARN_NON_LITERAL_NULL_CONVERSION = YES;
				CLANG_WARN_OBJC_IMPLICIT_RETAIN_SELF = YES;
				CLANG_WARN_OBJC_LITERAL_CONVERSION = YES;
				CLANG_WARN_OBJC_ROOT_CLASS = YES_ERROR;
				CLANG_WARN_QUOTED_INCLUDE_IN_FRAMEWORK_HEADER = YES;
				CLANG_WARN_RANGE_LOOP_ANALYSIS = YES;
				CLANG_WARN_STRICT_PROTOTYPES = YES;
				CLANG_WARN_SUSPICIOUS_MOVE = YES;
				CLANG_WARN_UNGUARDED_AVAILABILITY = YES_AGGRESSIVE;
				CLANG_WARN_UNREACHABLE_CODE = YES;
				CLANG_WARN__DUPLICATE_METHOD_MATCH = YES;
				COPY_PHASE_STRIP = NO;
				DEBUG_INFORMATION_FORMAT = dwarf;
				ENABLE_STRICT_OBJC_MSGSEND = YES;
				ENABLE_TESTABILITY = YES;
				GCC_C_LANGUAGE_STANDARD = gnu11;
				GCC_DYNAMIC_NO_PIC = NO;
				GCC_NO_COMMON_BLOCKS = YES;
				GCC_OPTIMIZATION_LEVEL = 0;
				GCC_PREPROCESSOR_DEFINITIONS = (
					"DEBUG=1",
					"$(inherited)",
				);
				GCC_WARN_64_TO_32_BIT_CONVERSION = YES;
				GCC_WARN_ABOUT_RETURN_TYPE = YES_ERROR;
				GCC_WARN_UNDECLARED_SELECTOR = YES;
				GCC_WARN_UNINITIALIZED_AUTOS = YES_AGGRESSIVE;
				GCC_WARN_UNUSED_FUNCTION = YES;
				GCC_WARN_UNUSED_VARIABLE = YES;
				MTL_ENABLE_DEBUG_INFO = INCLUDE_SOURCE;
				MTL_FAST_MATH = YES;
				ONLY_ACTIVE_ARCH = YES;
				SWIFT_ACTIVE_COMPILATION_CONDITIONS = DEBUG;
				SWIFT_OPTIMIZATION_LEVEL = "-Onone";
			};
			name = Debug;
		};
		41AF7E3B2837ECFA0066E74C /* Release */ = {
			isa = XCBuildConfiguration;
			buildSettings = {
				ALWAYS_SEARCH_USER_PATHS = NO;
				CLANG_ANALYZER_NONNULL = YES;
				CLANG_ANALYZER_NUMBER_OBJECT_CONVERSION = YES_AGGRESSIVE;
				CLANG_CXX_LANGUAGE_STANDARD = "gnu++17";
				CLANG_ENABLE_MODULES = YES;
				CLANG_ENABLE_OBJC_ARC = YES;
				CLANG_ENABLE_OBJC_WEAK = YES;
				CLANG_WARN_BLOCK_CAPTURE_AUTORELEASING = YES;
				CLANG_WARN_BOOL_CONVERSION = YES;
				CLANG_WARN_COMMA = YES;
				CLANG_WARN_CONSTANT_CONVERSION = YES;
				CLANG_WARN_DEPRECATED_OBJC_IMPLEMENTATIONS = YES;
				CLANG_WARN_DIRECT_OBJC_ISA_USAGE = YES_ERROR;
				CLANG_WARN_DOCUMENTATION_COMMENTS = YES;
				CLANG_WARN_EMPTY_BODY = YES;
				CLANG_WARN_ENUM_CONVERSION = YES;
				CLANG_WARN_INFINITE_RECURSION = YES;
				CLANG_WARN_INT_CONVERSION = YES;
				CLANG_WARN_NON_LITERAL_NULL_CONVERSION = YES;
				CLANG_WARN_OBJC_IMPLICIT_RETAIN_SELF = YES;
				CLANG_WARN_OBJC_LITERAL_CONVERSION = YES;
				CLANG_WARN_OBJC_ROOT_CLASS = YES_ERROR;
				CLANG_WARN_QUOTED_INCLUDE_IN_FRAMEWORK_HEADER = YES;
				CLANG_WARN_RANGE_LOOP_ANALYSIS = YES;
				CLANG_WARN_STRICT_PROTOTYPES = YES;
				CLANG_WARN_SUSPICIOUS_MOVE = YES;
				CLANG_WARN_UNGUARDED_AVAILABILITY = YES_AGGRESSIVE;
				CLANG_WARN_UNREACHABLE_CODE = YES;
				CLANG_WARN__DUPLICATE_METHOD_MATCH = YES;
				COPY_PHASE_STRIP = NO;
				DEBUG_INFORMATION_FORMAT = "dwarf-with-dsym";
				ENABLE_NS_ASSERTIONS = NO;
				ENABLE_STRICT_OBJC_MSGSEND = YES;
				GCC_C_LANGUAGE_STANDARD = gnu11;
				GCC_NO_COMMON_BLOCKS = YES;
				GCC_WARN_64_TO_32_BIT_CONVERSION = YES;
				GCC_WARN_ABOUT_RETURN_TYPE = YES_ERROR;
				GCC_WARN_UNDECLARED_SELECTOR = YES;
				GCC_WARN_UNINITIALIZED_AUTOS = YES_AGGRESSIVE;
				GCC_WARN_UNUSED_FUNCTION = YES;
				GCC_WARN_UNUSED_VARIABLE = YES;
				MTL_ENABLE_DEBUG_INFO = NO;
				MTL_FAST_MATH = YES;
				SWIFT_COMPILATION_MODE = wholemodule;
				SWIFT_OPTIMIZATION_LEVEL = "-O";
			};
			name = Release;
		};
		41AF7E3D2837ECFA0066E74C /* Debug */ = {
			isa = XCBuildConfiguration;
			buildSettings = {
				ASSETCATALOG_COMPILER_APPICON_NAME = AppIcon;
				ASSETCATALOG_COMPILER_GLOBAL_ACCENT_COLOR_NAME = AccentColor;
				CODE_SIGN_STYLE = Automatic;
				CURRENT_PROJECT_VERSION = 1;
				DEVELOPMENT_TEAM = K3WVRH5UCM;
				ENABLE_PREVIEWS = YES;
				GENERATE_INFOPLIST_FILE = YES;
				INFOPLIST_KEY_UIApplicationSceneManifest_Generation = YES;
				INFOPLIST_KEY_UIApplicationSupportsIndirectInputEvents = YES;
				INFOPLIST_KEY_UILaunchScreen_Generation = YES;
				INFOPLIST_KEY_UISupportedInterfaceOrientations_iPad = "UIInterfaceOrientationPortrait UIInterfaceOrientationPortraitUpsideDown UIInterfaceOrientationLandscapeLeft UIInterfaceOrientationLandscapeRight";
				INFOPLIST_KEY_UISupportedInterfaceOrientations_iPhone = "UIInterfaceOrientationPortrait UIInterfaceOrientationLandscapeLeft UIInterfaceOrientationLandscapeRight";
				IPHONEOS_DEPLOYMENT_TARGET = 15.4;
				LD_RUNPATH_SEARCH_PATHS = (
					"$(inherited)",
					"@executable_path/Frameworks",
				);
				MARKETING_VERSION = 1.0;
				PRODUCT_BUNDLE_IDENTIFIER = Tatiana.RockPaperScissors;
				PRODUCT_NAME = RockPaperScissors;
				SDKROOT = iphoneos;
				SWIFT_EMIT_LOC_STRINGS = YES;
				SWIFT_VERSION = 5.0;
				TARGETED_DEVICE_FAMILY = "1,2";
			};
			name = Debug;
		};
		41AF7E3E2837ECFA0066E74C /* Release */ = {
			isa = XCBuildConfiguration;
			buildSettings = {
				ASSETCATALOG_COMPILER_APPICON_NAME = AppIcon;
				ASSETCATALOG_COMPILER_GLOBAL_ACCENT_COLOR_NAME = AccentColor;
				CODE_SIGN_STYLE = Automatic;
				CURRENT_PROJECT_VERSION = 1;
				DEVELOPMENT_TEAM = K3WVRH5UCM;
				ENABLE_PREVIEWS = YES;
				GENERATE_INFOPLIST_FILE = YES;
				INFOPLIST_KEY_UIApplicationSceneManifest_Generation = YES;
				INFOPLIST_KEY_UIApplicationSupportsIndirectInputEvents = YES;
				INFOPLIST_KEY_UILaunchScreen_Generation = YES;
				INFOPLIST_KEY_UISupportedInterfaceOrientations_iPad = "UIInterfaceOrientationPortrait UIInterfaceOrientationPortraitUpsideDown UIInterfaceOrientationLandscapeLeft UIInterfaceOrientationLandscapeRight";
				INFOPLIST_KEY_UISupportedInterfaceOrientations_iPhone = "UIInterfaceOrientationPortrait UIInterfaceOrientationLandscapeLeft UIInterfaceOrientationLandscapeRight";
				IPHONEOS_DEPLOYMENT_TARGET = 15.4;
				LD_RUNPATH_SEARCH_PATHS = (
					"$(inherited)",
					"@executable_path/Frameworks",
				);
				MARKETING_VERSION = 1.0;
				PRODUCT_BUNDLE_IDENTIFIER = Tatiana.RockPaperScissors;
				PRODUCT_NAME = RockPaperScissors;
				SDKROOT = iphoneos;
				SWIFT_EMIT_LOC_STRINGS = YES;
				SWIFT_VERSION = 5.0;
				TARGETED_DEVICE_FAMILY = "1,2";
				VALIDATE_PRODUCT = YES;
			};
			name = Release;
		};
		41AF7E402837ECFA0066E74C /* Debug */ = {
			isa = XCBuildConfiguration;
			buildSettings = {
				ASSETCATALOG_COMPILER_APPICON_NAME = AppIcon;
				ASSETCATALOG_COMPILER_GLOBAL_ACCENT_COLOR_NAME = AccentColor;
				CODE_SIGN_ENTITLEMENTS = macOS/macOS.entitlements;
				CODE_SIGN_STYLE = Automatic;
				COMBINE_HIDPI_IMAGES = YES;
				CURRENT_PROJECT_VERSION = 1;
				DEVELOPMENT_TEAM = K3WVRH5UCM;
				ENABLE_HARDENED_RUNTIME = YES;
				ENABLE_PREVIEWS = YES;
				GENERATE_INFOPLIST_FILE = YES;
				INFOPLIST_KEY_NSHumanReadableCopyright = "";
				LD_RUNPATH_SEARCH_PATHS = (
					"$(inherited)",
					"@executable_path/../Frameworks",
				);
				MACOSX_DEPLOYMENT_TARGET = 12.0;
				MARKETING_VERSION = 1.0;
				PRODUCT_BUNDLE_IDENTIFIER = Tatiana.RockPaperScissors;
				PRODUCT_NAME = RockPaperScissors;
				SDKROOT = macosx;
				SWIFT_EMIT_LOC_STRINGS = YES;
				SWIFT_VERSION = 5.0;
			};
			name = Debug;
		};
		41AF7E412837ECFA0066E74C /* Release */ = {
			isa = XCBuildConfiguration;
			buildSettings = {
				ASSETCATALOG_COMPILER_APPICON_NAME = AppIcon;
				ASSETCATALOG_COMPILER_GLOBAL_ACCENT_COLOR_NAME = AccentColor;
				CODE_SIGN_ENTITLEMENTS = macOS/macOS.entitlements;
				CODE_SIGN_STYLE = Automatic;
				COMBINE_HIDPI_IMAGES = YES;
				CURRENT_PROJECT_VERSION = 1;
				DEVELOPMENT_TEAM = K3WVRH5UCM;
				ENABLE_HARDENED_RUNTIME = YES;
				ENABLE_PREVIEWS = YES;
				GENERATE_INFOPLIST_FILE = YES;
				INFOPLIST_KEY_NSHumanReadableCopyright = "";
				LD_RUNPATH_SEARCH_PATHS = (
					"$(inherited)",
					"@executable_path/../Frameworks",
				);
				MACOSX_DEPLOYMENT_TARGET = 12.0;
				MARKETING_VERSION = 1.0;
				PRODUCT_BUNDLE_IDENTIFIER = Tatiana.RockPaperScissors;
				PRODUCT_NAME = RockPaperScissors;
				SDKROOT = macosx;
				SWIFT_EMIT_LOC_STRINGS = YES;
				SWIFT_VERSION = 5.0;
			};
			name = Release;
		};
		41AF7E432837ECFA0066E74C /* Debug */ = {
			isa = XCBuildConfiguration;
			buildSettings = {
				ALWAYS_EMBED_SWIFT_STANDARD_LIBRARIES = YES;
				CODE_SIGN_STYLE = Automatic;
				CURRENT_PROJECT_VERSION = 1;
				DEVELOPMENT_TEAM = K3WVRH5UCM;
				GENERATE_INFOPLIST_FILE = YES;
				IPHONEOS_DEPLOYMENT_TARGET = 15.4;
				MARKETING_VERSION = 1.0;
				PRODUCT_BUNDLE_IDENTIFIER = "Tatiana.Tests-iOS";
				PRODUCT_NAME = "$(TARGET_NAME)";
				SDKROOT = iphoneos;
				SWIFT_EMIT_LOC_STRINGS = NO;
				SWIFT_VERSION = 5.0;
				TARGETED_DEVICE_FAMILY = "1,2";
				TEST_TARGET_NAME = "RockPaperScissors (iOS)";
			};
			name = Debug;
		};
		41AF7E442837ECFA0066E74C /* Release */ = {
			isa = XCBuildConfiguration;
			buildSettings = {
				ALWAYS_EMBED_SWIFT_STANDARD_LIBRARIES = YES;
				CODE_SIGN_STYLE = Automatic;
				CURRENT_PROJECT_VERSION = 1;
				DEVELOPMENT_TEAM = K3WVRH5UCM;
				GENERATE_INFOPLIST_FILE = YES;
				IPHONEOS_DEPLOYMENT_TARGET = 15.4;
				MARKETING_VERSION = 1.0;
				PRODUCT_BUNDLE_IDENTIFIER = "Tatiana.Tests-iOS";
				PRODUCT_NAME = "$(TARGET_NAME)";
				SDKROOT = iphoneos;
				SWIFT_EMIT_LOC_STRINGS = NO;
				SWIFT_VERSION = 5.0;
				TARGETED_DEVICE_FAMILY = "1,2";
				TEST_TARGET_NAME = "RockPaperScissors (iOS)";
				VALIDATE_PRODUCT = YES;
			};
			name = Release;
		};
		41AF7E462837ECFA0066E74C /* Debug */ = {
			isa = XCBuildConfiguration;
			buildSettings = {
				ALWAYS_EMBED_SWIFT_STANDARD_LIBRARIES = YES;
				CODE_SIGN_STYLE = Automatic;
				CURRENT_PROJECT_VERSION = 1;
				DEVELOPMENT_TEAM = K3WVRH5UCM;
				GENERATE_INFOPLIST_FILE = YES;
				MACOSX_DEPLOYMENT_TARGET = 12.0;
				MARKETING_VERSION = 1.0;
				PRODUCT_BUNDLE_IDENTIFIER = "Tatiana.Tests-macOS";
				PRODUCT_NAME = "$(TARGET_NAME)";
				SDKROOT = macosx;
				SWIFT_EMIT_LOC_STRINGS = NO;
				SWIFT_VERSION = 5.0;
				TEST_TARGET_NAME = "RockPaperScissors (macOS)";
			};
			name = Debug;
		};
		41AF7E472837ECFA0066E74C /* Release */ = {
			isa = XCBuildConfiguration;
			buildSettings = {
				ALWAYS_EMBED_SWIFT_STANDARD_LIBRARIES = YES;
				CODE_SIGN_STYLE = Automatic;
				CURRENT_PROJECT_VERSION = 1;
				DEVELOPMENT_TEAM = K3WVRH5UCM;
				GENERATE_INFOPLIST_FILE = YES;
				MACOSX_DEPLOYMENT_TARGET = 12.0;
				MARKETING_VERSION = 1.0;
				PRODUCT_BUNDLE_IDENTIFIER = "Tatiana.Tests-macOS";
				PRODUCT_NAME = "$(TARGET_NAME)";
				SDKROOT = macosx;
				SWIFT_EMIT_LOC_STRINGS = NO;
				SWIFT_VERSION = 5.0;
				TEST_TARGET_NAME = "RockPaperScissors (macOS)";
			};
			name = Release;
		};
/* End XCBuildConfiguration section */

/* Begin XCConfigurationList section */
		41AF7E0A2837ECF50066E74C /* Build configuration list for PBXProject "RockPaperScissors" */ = {
			isa = XCConfigurationList;
			buildConfigurations = (
				41AF7E3A2837ECFA0066E74C /* Debug */,
				41AF7E3B2837ECFA0066E74C /* Release */,
			);
			defaultConfigurationIsVisible = 0;
			defaultConfigurationName = Release;
		};
		41AF7E3C2837ECFA0066E74C /* Build configuration list for PBXNativeTarget "RockPaperScissors (iOS)" */ = {
			isa = XCConfigurationList;
			buildConfigurations = (
				41AF7E3D2837ECFA0066E74C /* Debug */,
				41AF7E3E2837ECFA0066E74C /* Release */,
			);
			defaultConfigurationIsVisible = 0;
			defaultConfigurationName = Release;
		};
		41AF7E3F2837ECFA0066E74C /* Build configuration list for PBXNativeTarget "RockPaperScissors (macOS)" */ = {
			isa = XCConfigurationList;
			buildConfigurations = (
				41AF7E402837ECFA0066E74C /* Debug */,
				41AF7E412837ECFA0066E74C /* Release */,
			);
			defaultConfigurationIsVisible = 0;
			defaultConfigurationName = Release;
		};
		41AF7E422837ECFA0066E74C /* Build configuration list for PBXNativeTarget "Tests iOS" */ = {
			isa = XCConfigurationList;
			buildConfigurations = (
				41AF7E432837ECFA0066E74C /* Debug */,
				41AF7E442837ECFA0066E74C /* Release */,
			);
			defaultConfigurationIsVisible = 0;
			defaultConfigurationName = Release;
		};
		41AF7E452837ECFA0066E74C /* Build configuration list for PBXNativeTarget "Tests macOS" */ = {
			isa = XCConfigurationList;
			buildConfigurations = (
				41AF7E462837ECFA0066E74C /* Debug */,
				41AF7E472837ECFA0066E74C /* Release */,
			);
			defaultConfigurationIsVisible = 0;
			defaultConfigurationName = Release;
		};
/* End XCConfigurationList section */
	};
	rootObject = 41AF7E072837ECF50066E74C /* Project object */;
}
